
Microsoft Visual Studio Solution File, Format Version 12.00
# Visual Studio Version 16
VisualStudioVersion = 16.0.30907.101
MinimumVisualStudioVersion = 10.0.40219.1
Project("{FAE04EC0-301F-11D3-BF4B-00C04F79EFBC}") = "PO1Examen1", "PO1Examen1\PO1Examen1.csproj", "{BC8AE8E6-31A2-4F12-B2A3-0B15C0D41787}"
EndProject
Project("{FAE04EC0-301F-11D3-BF4B-00C04F79EFBC}") = "testsUnitaires", "testsUnitaires\testsUnitaires.csproj", "{56F25436-B7FD-429B-AC49-A2C059B53975}"
EndProject
Global
	GlobalSection(SolutionConfigurationPlatforms) = preSolution
		Debug|Any CPU = Debug|Any CPU
		Release|Any CPU = Release|Any CPU
	EndGlobalSection
	GlobalSection(ProjectConfigurationPlatforms) = postSolution
		{BC8AE8E6-31A2-4F12-B2A3-0B15C0D41787}.Debug|Any CPU.ActiveCfg = Debug|Any CPU
		{BC8AE8E6-31A2-4F12-B2A3-0B15C0D41787}.Debug|Any CPU.Build.0 = Debug|Any CPU
		{BC8AE8E6-31A2-4F12-B2A3-0B15C0D41787}.Release|Any CPU.ActiveCfg = Release|Any CPU
		{BC8AE8E6-31A2-4F12-B2A3-0B15C0D41787}.Release|Any CPU.Build.0 = Release|Any CPU
		{56F25436-B7FD-429B-AC49-A2C059B53975}.Debug|Any CPU.ActiveCfg = Debug|Any CPU
		{56F25436-B7FD-429B-AC49-A2C059B53975}.Debug|Any CPU.Build.0 = Debug|Any CPU
		{56F25436-B7FD-429B-AC49-A2C059B53975}.Release|Any CPU.ActiveCfg = Release|Any CPU
		{56F25436-B7FD-429B-AC49-A2C059B53975}.Release|Any CPU.Build.0 = Release|Any CPU
	EndGlobalSection
	GlobalSection(SolutionProperties) = preSolution
		HideSolutionNode = FALSE
	EndGlobalSection
	GlobalSection(ExtensibilityGlobals) = postSolution
		SolutionGuid = {3454ABCB-4C21-4D02-BD8A-128CA87E0027}
	EndGlobalSection
EndGlobal
