
Microsoft Visual Studio Solution File, Format Version 12.00
# Visual Studio Version 16
VisualStudioVersion = 16.0.30907.101
MinimumVisualStudioVersion = 10.0.40219.1
Project("{FAE04EC0-301F-11D3-BF4B-00C04F79EFBC}") = "Exercice_Bloc4", "Exercice_Bloc4\Exercice_Bloc4.csproj", "{2C56A96C-C29A-45B6-AA82-802F49F1D3B3}"
EndProject
Project("{FAE04EC0-301F-11D3-BF4B-00C04F79EFBC}") = "Bibliotheque_classes", "Bibliotheque_classes\Bibliotheque_classes.csproj", "{70A62FE8-B753-4D23-B1F4-C1E47CF23968}"
EndProject
Project("{FAE04EC0-301F-11D3-BF4B-00C04F79EFBC}") = "ExerciceBloc4_testsUnitaires", "ExerciceBloc4_testsUnitaires\ExerciceBloc4_testsUnitaires.csproj", "{AEB576A3-336C-4F18-A7B2-90DF45FF559A}"
EndProject
Global
	GlobalSection(SolutionConfigurationPlatforms) = preSolution
		Debug|Any CPU = Debug|Any CPU
		Release|Any CPU = Release|Any CPU
	EndGlobalSection
	GlobalSection(ProjectConfigurationPlatforms) = postSolution
		{2C56A96C-C29A-45B6-AA82-802F49F1D3B3}.Debug|Any CPU.ActiveCfg = Debug|Any CPU
		{2C56A96C-C29A-45B6-AA82-802F49F1D3B3}.Debug|Any CPU.Build.0 = Debug|Any CPU
		{2C56A96C-C29A-45B6-AA82-802F49F1D3B3}.Release|Any CPU.ActiveCfg = Release|Any CPU
		{2C56A96C-C29A-45B6-AA82-802F49F1D3B3}.Release|Any CPU.Build.0 = Release|Any CPU
		{70A62FE8-B753-4D23-B1F4-C1E47CF23968}.Debug|Any CPU.ActiveCfg = Debug|Any CPU
		{70A62FE8-B753-4D23-B1F4-C1E47CF23968}.Debug|Any CPU.Build.0 = Debug|Any CPU
		{70A62FE8-B753-4D23-B1F4-C1E47CF23968}.Release|Any CPU.ActiveCfg = Release|Any CPU
		{70A62FE8-B753-4D23-B1F4-C1E47CF23968}.Release|Any CPU.Build.0 = Release|Any CPU
		{AEB576A3-336C-4F18-A7B2-90DF45FF559A}.Debug|Any CPU.ActiveCfg = Debug|Any CPU
		{AEB576A3-336C-4F18-A7B2-90DF45FF559A}.Debug|Any CPU.Build.0 = Debug|Any CPU
		{AEB576A3-336C-4F18-A7B2-90DF45FF559A}.Release|Any CPU.ActiveCfg = Release|Any CPU
		{AEB576A3-336C-4F18-A7B2-90DF45FF559A}.Release|Any CPU.Build.0 = Release|Any CPU
	EndGlobalSection
	GlobalSection(SolutionProperties) = preSolution
		HideSolutionNode = FALSE
	EndGlobalSection
	GlobalSection(ExtensibilityGlobals) = postSolution
		SolutionGuid = {68E62C21-871F-436E-B3E6-32B6A8B11072}
	EndGlobalSection
EndGlobal
